github.com/dsoprea/go-exif/v2 v2.0.0-20200113184400-90b66e3d1158 h1:DzXu3hw2xqwfd/R0QflKY/ixfrLDbMFk30D/CyJMTAM=
github.com/dsoprea/go-exif/v2 v2.0.0-20200113184400-90b66e3d1158/go.mod h1:Lm2lMM2zx8p4a34ZemkaUV95AnMl4ZvLbCUbwOvLC2E=
github.com/dsoprea/go-jpeg-image-structure v0.0.0-20200113175732-dbd452282e35 h1:4tYMh7ifSPDu+076be38JLqM+QlZi6EAksX6/Pxk6j8=
github.com/dsoprea/go-jpeg-image-structure v0.0.0-20200113175732-dbd452282e35/go.mod h1:j/+U5d65CRd+jhLBSCB1vdyKzGhwXml4l+2m66rRlps=
github.com/dsoprea/go-jpeg-image-structure v0.0.0-20200113185608-89fc85b3c79b h1:V+lTarDqNFRXYwBdUHNEzrjSpSa7d5ADnItDdmh0WLk=
github.com/dsoprea/go-jpeg-image-structure v0.0.0-20200113185608-89fc85b3c79b/go.mod h1:los5pGcAdPCOpn0fq1I01jat/fLdZgm/lgAFVowr4lM=
github.com/dsoprea/go-logging v0.0.0-20190624164917-c4f10aab7696 h1:VGFnZAcLwPpt1sHlAxml+pGLZz9A2s+K/s1YNhPC91Y=
github.com/dsoprea/go-logging v0.0.0-20190624164917-c4f10aab7696/go.mod h1:Nm/x2ZUNRW6Fe5C3LxdY1PyZY5wmDv/s5dkPJ/VB3iA=
github.com/dsoprea/go-png-image-structure v0.0.0-20200113182731-b19e93534de1 h1:Sy0fiqZ5b6kOeJbYIBgyRsFj9oJ37ZdSKRoizUBfuww=
github.com/dsoprea/go-png-image-structure v0.0.0-20200113182731-b19e93534de1/go.mod h1:9XP7HrFyigxXK4jKOTQ0JdFX1ywgnXbCj6s2pNOa7pQ=
github.com/dsoprea/go-png-image-structure v0.0.0-20200113185951-df05c578bfa2 h1:0dmO/Vr2TUhESQ06/FqWw+zMwlJBnNcRs2Uq7TTjp38=
github.com/dsoprea/go-png-image-structure v0.0.0-20200113185951-df05c578bfa2/go.mod h1:7W8xCg3TCbVz3znLDe2aArnjtXRoW26yawnRirrO7uY=
github.com/go-errors/errors v1.0.1 h1:LUHzmkK3GUKUrL/1gfBUxAHzcev3apQlezX/+O7ma6w=
github.com/go-errors/errors v1.0.1/go.mod h1:f4zRHt4oKfwPJE5k8C9vpYG+aDHdBFUsgrm6/TyX73Q=
github.com/golang/geo v0.0.0-20190916061304-5b978397cfec h1:lJwO/92dFXWeXOZdoGXgptLmNLwynMSHUmU6besqtiw=
github.com/golang/geo v0.0.0-20190916061304-5b978397cfec/go.mod h1:QZ0nwyI2jOfgRAoBvP+ab5aRr7c9x7lhGEJrKvBwjWI=
github.com/jessevdk/go-flags v1.4.0 h1:4IU2WS7AumrZ/40jfhf4QVDMsQwqA7VEHozFRrGARJA=
github.com/jessevdk/go-flags v1.4.0/go.mod h1:4FA24M0QyGHXBuZZK/XkWh8h0e1EYbRYJSGM75WSRxI=
golang.org/x/crypto v0.0.0-20190308221718-c2843e01d9a2/go.mod h1:djNgcEr1/C05ACkg1iLfiJU5Ep61QUkGW8qpdssI0+w=
golang.org/x/net v0.0.0-20191209160850-c0dbc17a3553 h1:efeOvDhwQ29Dj3SdAV/MJf8oukgn+8D8WgaCaRMchF8=
golang.org/x/net v0.0.0-20191209160850-c0dbc17a3553/go.mod h1:z5CRVTTTmAJ677TzLLGU+0bjPO0LkuOLi4/5GtJWs/s=
golang.org/x/sys v0.0.0-20190215142949-d0b11bdaac8a/go.mod h1:STP8DvDyc/dI5b8T5hshtkjS+E42TnysNCUPdjciGhY=
golang.org/x/text v0.3.0/go.mod h1:NqM8EUOU14njkJ3fqMW+pc6Ldnwhi/IjpwHt7yyuwOQ=
gopkg.in/check.v1 v0.0.0-20161208181325-20d25e280405/go.mod h1:Co6ibVJAznAaIkqp8huTwlJQCZ016jof/cbN4VW5Yz0=
gopkg.in/yaml.v2 v2.2.7 h1:VUgggvou5XRW9mHwD/yXxIYSMtY0zoKQf/v226p2nyo=
gopkg.in/yaml.v2 v2.2.7/go.mod h1:hI93XBmqTisBFMUTm0b8Fm+jr3Dg1NNxqwp+5A1VGuI=
